// !$*UTF8*$!
{
	archiveVersion = 1;
	classes = {
	};
	objectVersion = 48;
	objects = {

/* Begin PBXBuildFile section */
		770D39041FE9990A0045E279 /* AppDelegate.m in Sources */ = {isa = PBXBuildFile; fileRef = 770D39031FE9990A0045E279 /* AppDelegate.m */; };
		770D390A1FE9990A0045E279 /* Main.storyboard in Resources */ = {isa = PBXBuildFile; fileRef = 770D39081FE9990A0045E279 /* Main.storyboard */; };
		770D390C1FE9990A0045E279 /* Assets.xcassets in Resources */ = {isa = PBXBuildFile; fileRef = 770D390B1FE9990A0045E279 /* Assets.xcassets */; };
		770D390F1FE9990A0045E279 /* LaunchScreen.storyboard in Resources */ = {isa = PBXBuildFile; fileRef = 770D390D1FE9990A0045E279 /* LaunchScreen.storyboard */; };
		770D39121FE9990A0045E279 /* main.m in Sources */ = {isa = PBXBuildFile; fileRef = 770D39111FE9990A0045E279 /* main.m */; };
		770D391B1FE9AB550045E279 /* VCListPopulation.m in Sources */ = {isa = PBXBuildFile; fileRef = 770D391A1FE9AB550045E279 /* VCListPopulation.m */; };
		770D391F1FE9B2290045E279 /* CellPopulation.m in Sources */ = {isa = PBXBuildFile; fileRef = 770D391E1FE9B2290045E279 /* CellPopulation.m */; };
		770D39241FE9C3F70045E279 /* Service.m in Sources */ = {isa = PBXBuildFile; fileRef = 770D39231FE9C3F70045E279 /* Service.m */; };
		770D39281FE9D6F20045E279 /* ToolsImage.m in Sources */ = {isa = PBXBuildFile; fileRef = 770D39271FE9D6F20045E279 /* ToolsImage.m */; };
		770D392B1FE9E5230045E279 /* VCDetailPopulation.m in Sources */ = {isa = PBXBuildFile; fileRef = 770D392A1FE9E5230045E279 /* VCDetailPopulation.m */; };
		776F19481FEAABC0003F8729 /* Orcos.m in Sources */ = {isa = PBXBuildFile; fileRef = 776F19471FEAABC0003F8729 /* Orcos.m */; };
/* End PBXBuildFile section */

/* Begin PBXFileReference section */
		770D38FF1FE9990A0045E279 /* JuegoAmaris.app */ = {isa = PBXFileReference; explicitFileType = wrapper.application; includeInIndex = 0; path = JuegoAmaris.app; sourceTree = BUILT_PRODUCTS_DIR; };
		770D39021FE9990A0045E279 /* AppDelegate.h */ = {isa = PBXFileReference; lastKnownFileType = sourcecode.c.h; path = AppDelegate.h; sourceTree = "<group>"; };
		770D39031FE9990A0045E279 /* AppDelegate.m */ = {isa = PBXFileReference; lastKnownFileType = sourcecode.c.objc; path = AppDelegate.m; sourceTree = "<group>"; };
		770D39091FE9990A0045E279 /* Base */ = {isa = PBXFileReference; lastKnownFileType = file.storyboard; name = Base; path = Base.lproj/Main.storyboard; sourceTree = "<group>"; };
		770D390B1FE9990A0045E279 /* Assets.xcassets */ = {isa = PBXFileReference; lastKnownFileType = folder.assetcatalog; path = Assets.xcassets; sourceTree = "<group>"; };
		770D390E1FE9990A0045E279 /* Base */ = {isa = PBXFileReference; lastKnownFileType = file.storyboard; name = Base; path = Base.lproj/LaunchScreen.storyboard; sourceTree = "<group>"; };
		770D39101FE9990A0045E279 /* Info.plist */ = {isa = PBXFileReference; lastKnownFileType = text.plist.xml; path = Info.plist; sourceTree = "<group>"; };
		770D39111FE9990A0045E279 /* main.m */ = {isa = PBXFileReference; lastKnownFileType = sourcecode.c.objc; path = main.m; sourceTree = "<group>"; };
		770D39191FE9AB550045E279 /* VCListPopulation.h */ = {isa = PBXFileReference; lastKnownFileType = sourcecode.c.h; name = VCListPopulation.h; path = ViewControllers/VCListPopulation.h; sourceTree = "<group>"; };
		770D391A1FE9AB550045E279 /* VCListPopulation.m */ = {isa = PBXFileReference; lastKnownFileType = sourcecode.c.objc; name = VCListPopulation.m; path = ViewControllers/VCListPopulation.m; sourceTree = "<group>"; };
		770D391D1FE9B2290045E279 /* CellPopulation.h */ = {isa = PBXFileReference; lastKnownFileType = sourcecode.c.h; path = CellPopulation.h; sourceTree = "<group>"; };
		770D391E1FE9B2290045E279 /* CellPopulation.m */ = {isa = PBXFileReference; lastKnownFileType = sourcecode.c.objc; path = CellPopulation.m; sourceTree = "<group>"; };
		770D39221FE9C3F70045E279 /* Service.h */ = {isa = PBXFileReference; lastKnownFileType = sourcecode.c.h; name = Service.h; path = Service/Service.h; sourceTree = "<group>"; };
		770D39231FE9C3F70045E279 /* Service.m */ = {isa = PBXFileReference; lastKnownFileType = sourcecode.c.objc; name = Service.m; path = Service/Service.m; sourceTree = "<group>"; };
		770D39261FE9D6F20045E279 /* ToolsImage.h */ = {isa = PBXFileReference; lastKnownFileType = sourcecode.c.h; name = ToolsImage.h; path = Tools/ToolsImage.h; sourceTree = "<group>"; };
		770D39271FE9D6F20045E279 /* ToolsImage.m */ = {isa = PBXFileReference; lastKnownFileType = sourcecode.c.objc; name = ToolsImage.m; path = Tools/ToolsImage.m; sourceTree = "<group>"; };
		770D39291FE9E5230045E279 /* VCDetailPopulation.h */ = {isa = PBXFileReference; lastKnownFileType = sourcecode.c.h; name = VCDetailPopulation.h; path = ViewControllers/VCDetailPopulation.h; sourceTree = "<group>"; };
		770D392A1FE9E5230045E279 /* VCDetailPopulation.m */ = {isa = PBXFileReference; lastKnownFileType = sourcecode.c.objc; name = VCDetailPopulation.m; path = ViewControllers/VCDetailPopulation.m; sourceTree = "<group>"; };
		77625DB620C561A400DD8F7B /* UITableViewController+ExtDetailPopulation.h */ = {isa = PBXFileReference; lastKnownFileType = sourcecode.c.h; name = "UITableViewController+ExtDetailPopulation.h"; path = "ViewControllers/UITableViewController+ExtDetailPopulation.h"; sourceTree = "<group>"; };
		776F19461FEAABC0003F8729 /* Orcos.h */ = {isa = PBXFileReference; lastKnownFileType = sourcecode.c.h; path = Orcos.h; sourceTree = "<group>"; };
		776F19471FEAABC0003F8729 /* Orcos.m */ = {isa = PBXFileReference; lastKnownFileType = sourcecode.c.objc; path = Orcos.m; sourceTree = "<group>"; };
/* End PBXFileReference section */

/* Begin PBXFrameworksBuildPhase section */
		770D38FC1FE9990A0045E279 /* Frameworks */ = {
			isa = PBXFrameworksBuildPhase;
			buildActionMask = 2147483647;
			files = (
			);
			runOnlyForDeploymentPostprocessing = 0;
		};
/* End PBXFrameworksBuildPhase section */

/* Begin PBXGroup section */
		770D38F61FE9990A0045E279 = {
			isa = PBXGroup;
			children = (
				770D39011FE9990A0045E279 /* JuegoAmaris */,
				770D39001FE9990A0045E279 /* Products */,
			);
			sourceTree = "<group>";
		};
		770D39001FE9990A0045E279 /* Products */ = {
			isa = PBXGroup;
			children = (
				770D38FF1FE9990A0045E279 /* JuegoAmaris.app */,
			);
			name = Products;
			sourceTree = "<group>";
		};
		770D39011FE9990A0045E279 /* JuegoAmaris */ = {
			isa = PBXGroup;
			children = (
				770D39251FE9D6CB0045E279 /* Tools */,
				770D39211FE9B7E80045E279 /* Model */,
				770D39201FE9B7D80045E279 /* Service */,
				770D391C1FE9B1FE0045E279 /* CellPopulation */,
				770D39181FE99BAC0045E279 /* ViewControllers */,
				770D39021FE9990A0045E279 /* AppDelegate.h */,
				770D39031FE9990A0045E279 /* AppDelegate.m */,
				770D39081FE9990A0045E279 /* Main.storyboard */,
				770D390B1FE9990A0045E279 /* Assets.xcassets */,
				770D390D1FE9990A0045E279 /* LaunchScreen.storyboard */,
				770D39101FE9990A0045E279 /* Info.plist */,
				770D39111FE9990A0045E279 /* main.m */,
			);
			path = JuegoAmaris;
			sourceTree = "<group>";
		};
		770D39181FE99BAC0045E279 /* ViewControllers */ = {
			isa = PBXGroup;
			children = (
				770D39191FE9AB550045E279 /* VCListPopulation.h */,
				770D391A1FE9AB550045E279 /* VCListPopulation.m */,
				770D39291FE9E5230045E279 /* VCDetailPopulation.h */,
				770D392A1FE9E5230045E279 /* VCDetailPopulation.m */,
				77625DB620C561A400DD8F7B /* UITableViewController+ExtDetailPopulation.h */,
			);
			name = ViewControllers;
			sourceTree = "<group>";
		};
		770D391C1FE9B1FE0045E279 /* CellPopulation */ = {
			isa = PBXGroup;
			children = (
				770D391D1FE9B2290045E279 /* CellPopulation.h */,
				770D391E1FE9B2290045E279 /* CellPopulation.m */,
			);
			path = CellPopulation;
			sourceTree = "<group>";
		};
		770D39201FE9B7D80045E279 /* Service */ = {
			isa = PBXGroup;
			children = (
				770D39221FE9C3F70045E279 /* Service.h */,
				770D39231FE9C3F70045E279 /* Service.m */,
			);
			name = Service;
			sourceTree = "<group>";
		};
		770D39211FE9B7E80045E279 /* Model */ = {
			isa = PBXGroup;
			children = (
				776F19461FEAABC0003F8729 /* Orcos.h */,
				776F19471FEAABC0003F8729 /* Orcos.m */,
			);
			path = Model;
			sourceTree = "<group>";
		};
		770D39251FE9D6CB0045E279 /* Tools */ = {
			isa = PBXGroup;
			children = (
				770D39261FE9D6F20045E279 /* ToolsImage.h */,
				770D39271FE9D6F20045E279 /* ToolsImage.m */,
			);
			name = Tools;
			sourceTree = "<group>";
		};
/* End PBXGroup section */

/* Begin PBXNativeTarget section */
		770D38FE1FE9990A0045E279 /* JuegoAmaris */ = {
			isa = PBXNativeTarget;
			buildConfigurationList = 770D39151FE9990A0045E279 /* Build configuration list for PBXNativeTarget "JuegoAmaris" */;
			buildPhases = (
				770D38FB1FE9990A0045E279 /* Sources */,
				770D38FC1FE9990A0045E279 /* Frameworks */,
				770D38FD1FE9990A0045E279 /* Resources */,
			);
			buildRules = (
			);
			dependencies = (
			);
			name = JuegoAmaris;
			productName = JuegoAmaris;
			productReference = 770D38FF1FE9990A0045E279 /* JuegoAmaris.app */;
			productType = "com.apple.product-type.application";
		};
/* End PBXNativeTarget section */

/* Begin PBXProject section */
		770D38F71FE9990A0045E279 /* Project object */ = {
			isa = PBXProject;
			attributes = {
				LastUpgradeCheck = 0910;
				ORGANIZATIONNAME = test;
				TargetAttributes = {
					770D38FE1FE9990A0045E279 = {
						CreatedOnToolsVersion = 9.1;
						ProvisioningStyle = Automatic;
					};
				};
			};
			buildConfigurationList = 770D38FA1FE9990A0045E279 /* Build configuration list for PBXProject "JuegoAmaris" */;
			compatibilityVersion = "Xcode 8.0";
			developmentRegion = en;
			hasScannedForEncodings = 0;
			knownRegions = (
				en,
				Base,
			);
			mainGroup = 770D38F61FE9990A0045E279;
			productRefGroup = 770D39001FE9990A0045E279 /* Products */;
			projectDirPath = "";
			projectRoot = "";
			targets = (
				770D38FE1FE9990A0045E279 /* JuegoAmaris */,
			);
		};
/* End PBXProject section */

/* Begin PBXResourcesBuildPhase section */
		770D38FD1FE9990A0045E279 /* Resources */ = {
			isa = PBXResourcesBuildPhase;
			buildActionMask = 2147483647;
			files = (
				770D390F1FE9990A0045E279 /* LaunchScreen.storyboard in Resources */,
				770D390C1FE9990A0045E279 /* Assets.xcassets in Resources */,
				770D390A1FE9990A0045E279 /* Main.storyboard in Resources */,
			);
			runOnlyForDeploymentPostprocessing = 0;
		};
/* End PBXResourcesBuildPhase section */

/* Begin PBXSourcesBuildPhase section */
		770D38FB1FE9990A0045E279 /* Sources */ = {
			isa = PBXSourcesBuildPhase;
			buildActionMask = 2147483647;
			files = (
				776F19481FEAABC0003F8729 /* Orcos.m in Sources */,
				770D39241FE9C3F70045E279 /* Service.m in Sources */,
				770D39121FE9990A0045E279 /* main.m in Sources */,
				770D392B1FE9E5230045E279 /* VCDetailPopulation.m in Sources */,
				770D39041FE9990A0045E279 /* AppDelegate.m in Sources */,
				770D39281FE9D6F20045E279 /* ToolsImage.m in Sources */,
				770D391F1FE9B2290045E279 /* CellPopulation.m in Sources */,
				770D391B1FE9AB550045E279 /* VCListPopulation.m in Sources */,
			);
			runOnlyForDeploymentPostprocessing = 0;
		};
/* End PBXSourcesBuildPhase section */

/* Begin PBXVariantGroup section */
		770D39081FE9990A0045E279 /* Main.storyboard */ = {
			isa = PBXVariantGroup;
			children = (
				770D39091FE9990A0045E279 /* Base */,
			);
			name = Main.storyboard;
			sourceTree = "<group>";
		};
		770D390D1FE9990A0045E279 /* LaunchScreen.storyboard */ = {
			isa = PBXVariantGroup;
			children = (
				770D390E1FE9990A0045E279 /* Base */,
			);
			name = LaunchScreen.storyboard;
			sourceTree = "<group>";
		};
/* End PBXVariantGroup section */

/* Begin XCBuildConfiguration section */
		770D39131FE9990A0045E279 /* Debug */ = {
			isa = XCBuildConfiguration;
			buildSettings = {
				ALWAYS_SEARCH_USER_PATHS = NO;
				CLANG_ANALYZER_NONNULL = YES;
				CLANG_ANALYZER_NUMBER_OBJECT_CONVERSION = YES_AGGRESSIVE;
				CLANG_CXX_LANGUAGE_STANDARD = "gnu++14";
				CLANG_CXX_LIBRARY = "libc++";
				CLANG_ENABLE_MODULES = YES;
				CLANG_ENABLE_OBJC_ARC = YES;
				CLANG_WARN_BLOCK_CAPTURE_AUTORELEASING = YES;
				CLANG_WARN_BOOL_CONVERSION = YES;
				CLANG_WARN_COMMA = YES;
				CLANG_WARN_CONSTANT_CONVERSION = YES;
				CLANG_WARN_DIRECT_OBJC_ISA_USAGE = YES_ERROR;
				CLANG_WARN_DOCUMENTATION_COMMENTS = YES;
				CLANG_WARN_EMPTY_BODY = YES;
				CLANG_WARN_ENUM_CONVERSION = YES;
				CLANG_WARN_INFINITE_RECURSION = YES;
				CLANG_WARN_INT_CONVERSION = YES;
				CLANG_WARN_NON_LITERAL_NULL_CONVERSION = YES;
				CLANG_WARN_OBJC_LITERAL_CONVERSION = YES;
				CLANG_WARN_OBJC_ROOT_CLASS = YES_ERROR;
				CLANG_WARN_RANGE_LOOP_ANALYSIS = YES;
				CLANG_WARN_STRICT_PROTOTYPES = YES;
				CLANG_WARN_SUSPICIOUS_MOVE = YES;
				CLANG_WARN_UNGUARDED_AVAILABILITY = YES_AGGRESSIVE;
				CLANG_WARN_UNREACHABLE_CODE = YES;
				CLANG_WARN__DUPLICATE_METHOD_MATCH = YES;
				CODE_SIGN_IDENTITY = "iPhone Developer";
				COPY_PHASE_STRIP = NO;
				DEBUG_INFORMATION_FORMAT = dwarf;
				ENABLE_STRICT_OBJC_MSGSEND = YES;
				ENABLE_TESTABILITY = YES;
				GCC_C_LANGUAGE_STANDARD = gnu11;
				GCC_DYNAMIC_NO_PIC = NO;
				GCC_NO_COMMON_BLOCKS = YES;
				GCC_OPTIMIZATION_LEVEL = 0;
				GCC_PREPROCESSOR_DEFINITIONS = (
					"DEBUG=1",
					"$(inherited)",
				);
				GCC_WARN_64_TO_32_BIT_CONVERSION = YES;
				GCC_WARN_ABOUT_RETURN_TYPE = YES_ERROR;
				GCC_WARN_UNDECLARED_SELECTOR = YES;
				GCC_WARN_UNINITIALIZED_AUTOS = YES_AGGRESSIVE;
				GCC_WARN_UNUSED_FUNCTION = YES;
				GCC_WARN_UNUSED_VARIABLE = YES;
				IPHONEOS_DEPLOYMENT_TARGET = 11.1;
				MTL_ENABLE_DEBUG_INFO = YES;
				ONLY_ACTIVE_ARCH = YES;
				SDKROOT = iphoneos;
			};
			name = Debug;
		};
		770D39141FE9990A0045E279 /* Release */ = {
			isa = XCBuildConfiguration;
			buildSettings = {
				ALWAYS_SEARCH_USER_PATHS = NO;
				CLANG_ANALYZER_NONNULL = YES;
				CLANG_ANALYZER_NUMBER_OBJECT_CONVERSION = YES_AGGRESSIVE;
				CLANG_CXX_LANGUAGE_STANDARD = "gnu++14";
				CLANG_CXX_LIBRARY = "libc++";
				CLANG_ENABLE_MODULES = YES;
				CLANG_ENABLE_OBJC_ARC = YES;
				CLANG_WARN_BLOCK_CAPTURE_AUTORELEASING = YES;
				CLANG_WARN_BOOL_CONVERSION = YES;
				CLANG_WARN_COMMA = YES;
				CLANG_WARN_CONSTANT_CONVERSION = YES;
				CLANG_WARN_DIRECT_OBJC_ISA_USAGE = YES_ERROR;
				CLANG_WARN_DOCUMENTATION_COMMENTS = YES;
				CLANG_WARN_EMPTY_BODY = YES;
				CLANG_WARN_ENUM_CONVERSION = YES;
				CLANG_WARN_INFINITE_RECURSION = YES;
				CLANG_WARN_INT_CONVERSION = YES;
				CLANG_WARN_NON_LITERAL_NULL_CONVERSION = YES;
				CLANG_WARN_OBJC_LITERAL_CONVERSION = YES;
				CLANG_WARN_OBJC_ROOT_CLASS = YES_ERROR;
				CLANG_WARN_RANGE_LOOP_ANALYSIS = YES;
				CLANG_WARN_STRICT_PROTOTYPES = YES;
				CLANG_WARN_SUSPICIOUS_MOVE = YES;
				CLANG_WARN_UNGUARDED_AVAILABILITY = YES_AGGRESSIVE;
				CLANG_WARN_UNREACHABLE_CODE = YES;
				CLANG_WARN__DUPLICATE_METHOD_MATCH = YES;
				CODE_SIGN_IDENTITY = "iPhone Developer";
				COPY_PHASE_STRIP = NO;
				DEBUG_INFORMATION_FORMAT = "dwarf-with-dsym";
				ENABLE_NS_ASSERTIONS = NO;
				ENABLE_STRICT_OBJC_MSGSEND = YES;
				GCC_C_LANGUAGE_STANDARD = gnu11;
				GCC_NO_COMMON_BLOCKS = YES;
				GCC_WARN_64_TO_32_BIT_CONVERSION = YES;
				GCC_WARN_ABOUT_RETURN_TYPE = YES_ERROR;
				GCC_WARN_UNDECLARED_SELECTOR = YES;
				GCC_WARN_UNINITIALIZED_AUTOS = YES_AGGRESSIVE;
				GCC_WARN_UNUSED_FUNCTION = YES;
				GCC_WARN_UNUSED_VARIABLE = YES;
				IPHONEOS_DEPLOYMENT_TARGET = 11.1;
				MTL_ENABLE_DEBUG_INFO = NO;
				SDKROOT = iphoneos;
				VALIDATE_PRODUCT = YES;
			};
			name = Release;
		};
		770D39161FE9990A0045E279 /* Debug */ = {
			isa = XCBuildConfiguration;
			buildSettings = {
				ASSETCATALOG_COMPILER_APPICON_NAME = AppIcon;
				CODE_SIGN_STYLE = Automatic;
				INFOPLIST_FILE = JuegoAmaris/Info.plist;
				LD_RUNPATH_SEARCH_PATHS = "$(inherited) @executable_path/Frameworks";
				PRODUCT_BUNDLE_IDENTIFIER = Vueling.JuegoAmaris;
				PRODUCT_NAME = "$(TARGET_NAME)";
				TARGETED_DEVICE_FAMILY = "1,2";
			};
			name = Debug;
		};
		770D39171FE9990A0045E279 /* Release */ = {
			isa = XCBuildConfiguration;
			buildSettings = {
				ASSETCATALOG_COMPILER_APPICON_NAME = AppIcon;
				CODE_SIGN_STYLE = Automatic;
				INFOPLIST_FILE = JuegoAmaris/Info.plist;
				LD_RUNPATH_SEARCH_PATHS = "$(inherited) @executable_path/Frameworks";
				PRODUCT_BUNDLE_IDENTIFIER = Vueling.JuegoAmaris;
				PRODUCT_NAME = "$(TARGET_NAME)";
				TARGETED_DEVICE_FAMILY = "1,2";
			};
			name = Release;
		};
/* End XCBuildConfiguration section */

/* Begin XCConfigurationList section */
		770D38FA1FE9990A0045E279 /* Build configuration list for PBXProject "JuegoAmaris" */ = {
			isa = XCConfigurationList;
			buildConfigurations = (
				770D39131FE9990A0045E279 /* Debug */,
				770D39141FE9990A0045E279 /* Release */,
			);
			defaultConfigurationIsVisible = 0;
			defaultConfigurationName = Release;
		};
		770D39151FE9990A0045E279 /* Build configuration list for PBXNativeTarget "JuegoAmaris" */ = {
			isa = XCConfigurationList;
			buildConfigurations = (
				770D39161FE9990A0045E279 /* Debug */,
				770D39171FE9990A0045E279 /* Release */,
			);
			defaultConfigurationIsVisible = 0;
			defaultConfigurationName = Release;
		};
/* End XCConfigurationList section */
	};
	rootObject = 770D38F71FE9990A0045E279 /* Project object */;
}
